// !$*UTF8*$!
{
	archiveVersion = 1;
	classes = {
	};
	objectVersion = 50;
	objects = {

/* Begin PBXBuildFile section */
		525029AE24C2E11F00B8F1E2 /* AppDelegate.swift in Sources */ = {isa = PBXBuildFile; fileRef = 525029AD24C2E11F00B8F1E2 /* AppDelegate.swift */; };
		525029B024C2E11F00B8F1E2 /* SceneDelegate.swift in Sources */ = {isa = PBXBuildFile; fileRef = 525029AF24C2E11F00B8F1E2 /* SceneDelegate.swift */; };
		525029B224C2E11F00B8F1E2 /* ViewController.swift in Sources */ = {isa = PBXBuildFile; fileRef = 525029B124C2E11F00B8F1E2 /* ViewController.swift */; };
		525029B524C2E11F00B8F1E2 /* Main.storyboard in Resources */ = {isa = PBXBuildFile; fileRef = 525029B324C2E11F00B8F1E2 /* Main.storyboard */; };
		525029B824C2E11F00B8F1E2 /* swift_kiso.xcdatamodeld in Sources */ = {isa = PBXBuildFile; fileRef = 525029B624C2E11F00B8F1E2 /* swift_kiso.xcdatamodeld */; };
		525029BA24C2E12100B8F1E2 /* Assets.xcassets in Resources */ = {isa = PBXBuildFile; fileRef = 525029B924C2E12100B8F1E2 /* Assets.xcassets */; };
		525029BD24C2E12100B8F1E2 /* LaunchScreen.storyboard in Resources */ = {isa = PBXBuildFile; fileRef = 525029BB24C2E12100B8F1E2 /* LaunchScreen.storyboard */; };
		525029C824C2E12200B8F1E2 /* swift_kisoTests.swift in Sources */ = {isa = PBXBuildFile; fileRef = 525029C724C2E12200B8F1E2 /* swift_kisoTests.swift */; };
/* End PBXBuildFile section */

/* Begin PBXContainerItemProxy section */
		525029C424C2E12200B8F1E2 /* PBXContainerItemProxy */ = {
			isa = PBXContainerItemProxy;
			containerPortal = 525029A224C2E11F00B8F1E2 /* Project object */;
			proxyType = 1;
			remoteGlobalIDString = 525029A924C2E11F00B8F1E2;
			remoteInfo = swift_kiso;
		};
/* End PBXContainerItemProxy section */

/* Begin PBXFileReference section */
		525029AA24C2E11F00B8F1E2 /* swift_kiso.app */ = {isa = PBXFileReference; explicitFileType = wrapper.application; includeInIndex = 0; path = swift_kiso.app; sourceTree = BUILT_PRODUCTS_DIR; };
		525029AD24C2E11F00B8F1E2 /* AppDelegate.swift */ = {isa = PBXFileReference; lastKnownFileType = sourcecode.swift; path = AppDelegate.swift; sourceTree = "<group>"; };
		525029AF24C2E11F00B8F1E2 /* SceneDelegate.swift */ = {isa = PBXFileReference; lastKnownFileType = sourcecode.swift; path = SceneDelegate.swift; sourceTree = "<group>"; };
		525029B124C2E11F00B8F1E2 /* ViewController.swift */ = {isa = PBXFileReference; lastKnownFileType = sourcecode.swift; path = ViewController.swift; sourceTree = "<group>"; };
		525029B424C2E11F00B8F1E2 /* Base */ = {isa = PBXFileReference; lastKnownFileType = file.storyboard; name = Base; path = Base.lproj/Main.storyboard; sourceTree = "<group>"; };
		525029B724C2E11F00B8F1E2 /* swift_kiso.xcdatamodel */ = {isa = PBXFileReference; lastKnownFileType = wrapper.xcdatamodel; path = swift_kiso.xcdatamodel; sourceTree = "<group>"; };
		525029B924C2E12100B8F1E2 /* Assets.xcassets */ = {isa = PBXFileReference; lastKnownFileType = folder.assetcatalog; path = Assets.xcassets; sourceTree = "<group>"; };
		525029BC24C2E12100B8F1E2 /* Base */ = {isa = PBXFileReference; lastKnownFileType = file.storyboard; name = Base; path = Base.lproj/LaunchScreen.storyboard; sourceTree = "<group>"; };
		525029BE24C2E12100B8F1E2 /* Info.plist */ = {isa = PBXFileReference; lastKnownFileType = text.plist.xml; path = Info.plist; sourceTree = "<group>"; };
		525029C324C2E12200B8F1E2 /* swift_kisoTests.xctest */ = {isa = PBXFileReference; explicitFileType = wrapper.cfbundle; includeInIndex = 0; path = swift_kisoTests.xctest; sourceTree = BUILT_PRODUCTS_DIR; };
		525029C724C2E12200B8F1E2 /* swift_kisoTests.swift */ = {isa = PBXFileReference; lastKnownFileType = sourcecode.swift; path = swift_kisoTests.swift; sourceTree = "<group>"; };
		525029C924C2E12200B8F1E2 /* Info.plist */ = {isa = PBXFileReference; lastKnownFileType = text.plist.xml; path = Info.plist; sourceTree = "<group>"; };
/* End PBXFileReference section */

/* Begin PBXFrameworksBuildPhase section */
		525029A724C2E11F00B8F1E2 /* Frameworks */ = {
			isa = PBXFrameworksBuildPhase;
			buildActionMask = 2147483647;
			files = (
			);
			runOnlyForDeploymentPostprocessing = 0;
		};
		525029C024C2E12200B8F1E2 /* Frameworks */ = {
			isa = PBXFrameworksBuildPhase;
			buildActionMask = 2147483647;
			files = (
			);
			runOnlyForDeploymentPostprocessing = 0;
		};
/* End PBXFrameworksBuildPhase section */

/* Begin PBXGroup section */
		525029A124C2E11F00B8F1E2 = {
			isa = PBXGroup;
			children = (
				525029AC24C2E11F00B8F1E2 /* swift_kiso */,
				525029C624C2E12200B8F1E2 /* swift_kisoTests */,
				525029AB24C2E11F00B8F1E2 /* Products */,
			);
			sourceTree = "<group>";
		};
		525029AB24C2E11F00B8F1E2 /* Products */ = {
			isa = PBXGroup;
			children = (
				525029AA24C2E11F00B8F1E2 /* swift_kiso.app */,
				525029C324C2E12200B8F1E2 /* swift_kisoTests.xctest */,
			);
			name = Products;
			sourceTree = "<group>";
		};
		525029AC24C2E11F00B8F1E2 /* swift_kiso */ = {
			isa = PBXGroup;
			children = (
				525029AD24C2E11F00B8F1E2 /* AppDelegate.swift */,
				525029AF24C2E11F00B8F1E2 /* SceneDelegate.swift */,
				525029B124C2E11F00B8F1E2 /* ViewController.swift */,
				525029B324C2E11F00B8F1E2 /* Main.storyboard */,
				525029B924C2E12100B8F1E2 /* Assets.xcassets */,
				525029BB24C2E12100B8F1E2 /* LaunchScreen.storyboard */,
				525029BE24C2E12100B8F1E2 /* Info.plist */,
				525029B624C2E11F00B8F1E2 /* swift_kiso.xcdatamodeld */,
			);
			path = swift_kiso;
			sourceTree = "<group>";
		};
		525029C624C2E12200B8F1E2 /* swift_kisoTests */ = {
			isa = PBXGroup;
			children = (
				525029C724C2E12200B8F1E2 /* swift_kisoTests.swift */,
				525029C924C2E12200B8F1E2 /* Info.plist */,
			);
			path = swift_kisoTests;
			sourceTree = "<group>";
		};
/* End PBXGroup section */

/* Begin PBXNativeTarget section */
		525029A924C2E11F00B8F1E2 /* swift_kiso */ = {
			isa = PBXNativeTarget;
			buildConfigurationList = 525029CC24C2E12200B8F1E2 /* Build configuration list for PBXNativeTarget "swift_kiso" */;
			buildPhases = (
				525029A624C2E11F00B8F1E2 /* Sources */,
				525029A724C2E11F00B8F1E2 /* Frameworks */,
				525029A824C2E11F00B8F1E2 /* Resources */,
			);
			buildRules = (
			);
			dependencies = (
			);
			name = swift_kiso;
			productName = swift_kiso;
			productReference = 525029AA24C2E11F00B8F1E2 /* swift_kiso.app */;
			productType = "com.apple.product-type.application";
		};
		525029C224C2E12200B8F1E2 /* swift_kisoTests */ = {
			isa = PBXNativeTarget;
			buildConfigurationList = 525029CF24C2E12200B8F1E2 /* Build configuration list for PBXNativeTarget "swift_kisoTests" */;
			buildPhases = (
				525029BF24C2E12200B8F1E2 /* Sources */,
				525029C024C2E12200B8F1E2 /* Frameworks */,
				525029C124C2E12200B8F1E2 /* Resources */,
			);
			buildRules = (
			);
			dependencies = (
				525029C524C2E12200B8F1E2 /* PBXTargetDependency */,
			);
			name = swift_kisoTests;
			productName = swift_kisoTests;
			productReference = 525029C324C2E12200B8F1E2 /* swift_kisoTests.xctest */;
			productType = "com.apple.product-type.bundle.unit-test";
		};
/* End PBXNativeTarget section */

/* Begin PBXProject section */
		525029A224C2E11F00B8F1E2 /* Project object */ = {
			isa = PBXProject;
			attributes = {
				LastSwiftUpdateCheck = 1150;
				LastUpgradeCheck = 1150;
				ORGANIZATIONNAME = "Swift-Biggners";
				TargetAttributes = {
					525029A924C2E11F00B8F1E2 = {
						CreatedOnToolsVersion = 11.5;
					};
					525029C224C2E12200B8F1E2 = {
						CreatedOnToolsVersion = 11.5;
						TestTargetID = 525029A924C2E11F00B8F1E2;
					};
				};
			};
			buildConfigurationList = 525029A524C2E11F00B8F1E2 /* Build configuration list for PBXProject "swift_kiso" */;
			compatibilityVersion = "Xcode 9.3";
			developmentRegion = en;
			hasScannedForEncodings = 0;
			knownRegions = (
				en,
				Base,
			);
			mainGroup = 525029A124C2E11F00B8F1E2;
			productRefGroup = 525029AB24C2E11F00B8F1E2 /* Products */;
			projectDirPath = "";
			projectRoot = "";
			targets = (
				525029A924C2E11F00B8F1E2 /* swift_kiso */,
				525029C224C2E12200B8F1E2 /* swift_kisoTests */,
			);
		};
/* End PBXProject section */

/* Begin PBXResourcesBuildPhase section */
		525029A824C2E11F00B8F1E2 /* Resources */ = {
			isa = PBXResourcesBuildPhase;
			buildActionMask = 2147483647;
			files = (
				525029BD24C2E12100B8F1E2 /* LaunchScreen.storyboard in Resources */,
				525029BA24C2E12100B8F1E2 /* Assets.xcassets in Resources */,
				525029B524C2E11F00B8F1E2 /* Main.storyboard in Resources */,
			);
			runOnlyForDeploymentPostprocessing = 0;
		};
		525029C124C2E12200B8F1E2 /* Resources */ = {
			isa = PBXResourcesBuildPhase;
			buildActionMask = 2147483647;
			files = (
			);
			runOnlyForDeploymentPostprocessing = 0;
		};
/* End PBXResourcesBuildPhase section */

/* Begin PBXSourcesBuildPhase section */
		525029A624C2E11F00B8F1E2 /* Sources */ = {
			isa = PBXSourcesBuildPhase;
			buildActionMask = 2147483647;
			files = (
				525029B224C2E11F00B8F1E2 /* ViewController.swift in Sources */,
				525029B824C2E11F00B8F1E2 /* swift_kiso.xcdatamodeld in Sources */,
				525029AE24C2E11F00B8F1E2 /* AppDelegate.swift in Sources */,
				525029B024C2E11F00B8F1E2 /* SceneDelegate.swift in Sources */,
			);
			runOnlyForDeploymentPostprocessing = 0;
		};
		525029BF24C2E12200B8F1E2 /* Sources */ = {
			isa = PBXSourcesBuildPhase;
			buildActionMask = 2147483647;
			files = (
				525029C824C2E12200B8F1E2 /* swift_kisoTests.swift in Sources */,
			);
			runOnlyForDeploymentPostprocessing = 0;
		};
/* End PBXSourcesBuildPhase section */

/* Begin PBXTargetDependency section */
		525029C524C2E12200B8F1E2 /* PBXTargetDependency */ = {
			isa = PBXTargetDependency;
			target = 525029A924C2E11F00B8F1E2 /* swift_kiso */;
			targetProxy = 525029C424C2E12200B8F1E2 /* PBXContainerItemProxy */;
		};
/* End PBXTargetDependency section */

/* Begin PBXVariantGroup section */
		525029B324C2E11F00B8F1E2 /* Main.storyboard */ = {
			isa = PBXVariantGroup;
			children = (
				525029B424C2E11F00B8F1E2 /* Base */,
			);
			name = Main.storyboard;
			sourceTree = "<group>";
		};
		525029BB24C2E12100B8F1E2 /* LaunchScreen.storyboard */ = {
			isa = PBXVariantGroup;
			children = (
				525029BC24C2E12100B8F1E2 /* Base */,
			);
			name = LaunchScreen.storyboard;
			sourceTree = "<group>";
		};
/* End PBXVariantGroup section */

/* Begin XCBuildConfiguration section */
		525029CA24C2E12200B8F1E2 /* Debug */ = {
			isa = XCBuildConfiguration;
			buildSettings = {
				ALWAYS_SEARCH_USER_PATHS = NO;
				CLANG_ANALYZER_NONNULL = YES;
				CLANG_ANALYZER_NUMBER_OBJECT_CONVERSION = YES_AGGRESSIVE;
				CLANG_CXX_LANGUAGE_STANDARD = "gnu++14";
				CLANG_CXX_LIBRARY = "libc++";
				CLANG_ENABLE_MODULES = YES;
				CLANG_ENABLE_OBJC_ARC = YES;
				CLANG_ENABLE_OBJC_WEAK = YES;
				CLANG_WARN_BLOCK_CAPTURE_AUTORELEASING = YES;
				CLANG_WARN_BOOL_CONVERSION = YES;
				CLANG_WARN_COMMA = YES;
				CLANG_WARN_CONSTANT_CONVERSION = YES;
				CLANG_WARN_DEPRECATED_OBJC_IMPLEMENTATIONS = YES;
				CLANG_WARN_DIRECT_OBJC_ISA_USAGE = YES_ERROR;
				CLANG_WARN_DOCUMENTATION_COMMENTS = YES;
				CLANG_WARN_EMPTY_BODY = YES;
				CLANG_WARN_ENUM_CONVERSION = YES;
				CLANG_WARN_INFINITE_RECURSION = YES;
				CLANG_WARN_INT_CONVERSION = YES;
				CLANG_WARN_NON_LITERAL_NULL_CONVERSION = YES;
				CLANG_WARN_OBJC_IMPLICIT_RETAIN_SELF = YES;
				CLANG_WARN_OBJC_LITERAL_CONVERSION = YES;
				CLANG_WARN_OBJC_ROOT_CLASS = YES_ERROR;
				CLANG_WARN_RANGE_LOOP_ANALYSIS = YES;
				CLANG_WARN_STRICT_PROTOTYPES = YES;
				CLANG_WARN_SUSPICIOUS_MOVE = YES;
				CLANG_WARN_UNGUARDED_AVAILABILITY = YES_AGGRESSIVE;
				CLANG_WARN_UNREACHABLE_CODE = YES;
				CLANG_WARN__DUPLICATE_METHOD_MATCH = YES;
				COPY_PHASE_STRIP = NO;
				DEBUG_INFORMATION_FORMAT = dwarf;
				ENABLE_STRICT_OBJC_MSGSEND = YES;
				ENABLE_TESTABILITY = YES;
				GCC_C_LANGUAGE_STANDARD = gnu11;
				GCC_DYNAMIC_NO_PIC = NO;
				GCC_NO_COMMON_BLOCKS = YES;
				GCC_OPTIMIZATION_LEVEL = 0;
				GCC_PREPROCESSOR_DEFINITIONS = (
					"DEBUG=1",
					"$(inherited)",
				);
				GCC_WARN_64_TO_32_BIT_CONVERSION = YES;
				GCC_WARN_ABOUT_RETURN_TYPE = YES_ERROR;
				GCC_WARN_UNDECLARED_SELECTOR = YES;
				GCC_WARN_UNINITIALIZED_AUTOS = YES_AGGRESSIVE;
				GCC_WARN_UNUSED_FUNCTION = YES;
				GCC_WARN_UNUSED_VARIABLE = YES;
				IPHONEOS_DEPLOYMENT_TARGET = 13.5;
				MTL_ENABLE_DEBUG_INFO = INCLUDE_SOURCE;
				MTL_FAST_MATH = YES;
				ONLY_ACTIVE_ARCH = YES;
				SDKROOT = iphoneos;
				SWIFT_ACTIVE_COMPILATION_CONDITIONS = DEBUG;
				SWIFT_OPTIMIZATION_LEVEL = "-Onone";
			};
			name = Debug;
		};
		525029CB24C2E12200B8F1E2 /* Release */ = {
			isa = XCBuildConfiguration;
			buildSettings = {
				ALWAYS_SEARCH_USER_PATHS = NO;
				CLANG_ANALYZER_NONNULL = YES;
				CLANG_ANALYZER_NUMBER_OBJECT_CONVERSION = YES_AGGRESSIVE;
				CLANG_CXX_LANGUAGE_STANDARD = "gnu++14";
				CLANG_CXX_LIBRARY = "libc++";
				CLANG_ENABLE_MODULES = YES;
				CLANG_ENABLE_OBJC_ARC = YES;
				CLANG_ENABLE_OBJC_WEAK = YES;
				CLANG_WARN_BLOCK_CAPTURE_AUTORELEASING = YES;
				CLANG_WARN_BOOL_CONVERSION = YES;
				CLANG_WARN_COMMA = YES;
				CLANG_WARN_CONSTANT_CONVERSION = YES;
				CLANG_WARN_DEPRECATED_OBJC_IMPLEMENTATIONS = YES;
				CLANG_WARN_DIRECT_OBJC_ISA_USAGE = YES_ERROR;
				CLANG_WARN_DOCUMENTATION_COMMENTS = YES;
				CLANG_WARN_EMPTY_BODY = YES;
				CLANG_WARN_ENUM_CONVERSION = YES;
				CLANG_WARN_INFINITE_RECURSION = YES;
				CLANG_WARN_INT_CONVERSION = YES;
				CLANG_WARN_NON_LITERAL_NULL_CONVERSION = YES;
				CLANG_WARN_OBJC_IMPLICIT_RETAIN_SELF = YES;
				CLANG_WARN_OBJC_LITERAL_CONVERSION = YES;
				CLANG_WARN_OBJC_ROOT_CLASS = YES_ERROR;
				CLANG_WARN_RANGE_LOOP_ANALYSIS = YES;
				CLANG_WARN_STRICT_PROTOTYPES = YES;
				CLANG_WARN_SUSPICIOUS_MOVE = YES;
				CLANG_WARN_UNGUARDED_AVAILABILITY = YES_AGGRESSIVE;
				CLANG_WARN_UNREACHABLE_CODE = YES;
				CLANG_WARN__DUPLICATE_METHOD_MATCH = YES;
				COPY_PHASE_STRIP = NO;
				DEBUG_INFORMATION_FORMAT = "dwarf-with-dsym";
				ENABLE_NS_ASSERTIONS = NO;
				ENABLE_STRICT_OBJC_MSGSEND = YES;
				GCC_C_LANGUAGE_STANDARD = gnu11;
				GCC_NO_COMMON_BLOCKS = YES;
				GCC_WARN_64_TO_32_BIT_CONVERSION = YES;
				GCC_WARN_ABOUT_RETURN_TYPE = YES_ERROR;
				GCC_WARN_UNDECLARED_SELECTOR = YES;
				GCC_WARN_UNINITIALIZED_AUTOS = YES_AGGRESSIVE;
				GCC_WARN_UNUSED_FUNCTION = YES;
				GCC_WARN_UNUSED_VARIABLE = YES;
				IPHONEOS_DEPLOYMENT_TARGET = 13.5;
				MTL_ENABLE_DEBUG_INFO = NO;
				MTL_FAST_MATH = YES;
				SDKROOT = iphoneos;
				SWIFT_COMPILATION_MODE = wholemodule;
				SWIFT_OPTIMIZATION_LEVEL = "-O";
				VALIDATE_PRODUCT = YES;
			};
			name = Release;
		};
		525029CD24C2E12200B8F1E2 /* Debug */ = {
			isa = XCBuildConfiguration;
			buildSettings = {
				ASSETCATALOG_COMPILER_APPICON_NAME = AppIcon;
				CODE_SIGN_STYLE = Automatic;
				INFOPLIST_FILE = swift_kiso/Info.plist;
				LD_RUNPATH_SEARCH_PATHS = (
					"$(inherited)",
					"@executable_path/Frameworks",
				);
				PRODUCT_BUNDLE_IDENTIFIER = "com.sarisari82.swift-kiso";
				PRODUCT_NAME = "$(TARGET_NAME)";
				SWIFT_VERSION = 5.0;
				TARGETED_DEVICE_FAMILY = "1,2";
			};
			name = Debug;
		};
		525029CE24C2E12200B8F1E2 /* Release */ = {
			isa = XCBuildConfiguration;
			buildSettings = {
				ASSETCATALOG_COMPILER_APPICON_NAME = AppIcon;
				CODE_SIGN_STYLE = Automatic;
				INFOPLIST_FILE = swift_kiso/Info.plist;
				LD_RUNPATH_SEARCH_PATHS = (
					"$(inherited)",
					"@executable_path/Frameworks",
				);
				PRODUCT_BUNDLE_IDENTIFIER = "com.sarisari82.swift-kiso";
				PRODUCT_NAME = "$(TARGET_NAME)";
				SWIFT_VERSION = 5.0;
				TARGETED_DEVICE_FAMILY = "1,2";
			};
			name = Release;
		};
		525029D024C2E12200B8F1E2 /* Debug */ = {
			isa = XCBuildConfiguration;
			buildSettings = {
				ALWAYS_EMBED_SWIFT_STANDARD_LIBRARIES = YES;
				BUNDLE_LOADER = "$(TEST_HOST)";
				CODE_SIGN_STYLE = Automatic;
				INFOPLIST_FILE = swift_kisoTests/Info.plist;
				IPHONEOS_DEPLOYMENT_TARGET = 13.5;
				LD_RUNPATH_SEARCH_PATHS = (
					"$(inherited)",
					"@executable_path/Frameworks",
					"@loader_path/Frameworks",
				);
				PRODUCT_BUNDLE_IDENTIFIER = "com.sarisari82.swift-kisoTests";
				PRODUCT_NAME = "$(TARGET_NAME)";
				SWIFT_VERSION = 5.0;
				TARGETED_DEVICE_FAMILY = "1,2";
				TEST_HOST = "$(BUILT_PRODUCTS_DIR)/swift_kiso.app/swift_kiso";
			};
			name = Debug;
		};
		525029D124C2E12200B8F1E2 /* Release */ = {
			isa = XCBuildConfiguration;
			buildSettings = {
				ALWAYS_EMBED_SWIFT_STANDARD_LIBRARIES = YES;
				BUNDLE_LOADER = "$(TEST_HOST)";
				CODE_SIGN_STYLE = Automatic;
				INFOPLIST_FILE = swift_kisoTests/Info.plist;
				IPHONEOS_DEPLOYMENT_TARGET = 13.5;
				LD_RUNPATH_SEARCH_PATHS = (
					"$(inherited)",
					"@executable_path/Frameworks",
					"@loader_path/Frameworks",
				);
				PRODUCT_BUNDLE_IDENTIFIER = "com.sarisari82.swift-kisoTests";
				PRODUCT_NAME = "$(TARGET_NAME)";
				SWIFT_VERSION = 5.0;
				TARGETED_DEVICE_FAMILY = "1,2";
				TEST_HOST = "$(BUILT_PRODUCTS_DIR)/swift_kiso.app/swift_kiso";
			};
			name = Release;
		};
/* End XCBuildConfiguration section */

/* Begin XCConfigurationList section */
		525029A524C2E11F00B8F1E2 /* Build configuration list for PBXProject "swift_kiso" */ = {
			isa = XCConfigurationList;
			buildConfigurations = (
				525029CA24C2E12200B8F1E2 /* Debug */,
				525029CB24C2E12200B8F1E2 /* Release */,
			);
			defaultConfigurationIsVisible = 0;
			defaultConfigurationName = Release;
		};
		525029CC24C2E12200B8F1E2 /* Build configuration list for PBXNativeTarget "swift_kiso" */ = {
			isa = XCConfigurationList;
			buildConfigurations = (
				525029CD24C2E12200B8F1E2 /* Debug */,
				525029CE24C2E12200B8F1E2 /* Release */,
			);
			defaultConfigurationIsVisible = 0;
			defaultConfigurationName = Release;
		};
		525029CF24C2E12200B8F1E2 /* Build configuration list for PBXNativeTarget "swift_kisoTests" */ = {
			isa = XCConfigurationList;
			buildConfigurations = (
				525029D024C2E12200B8F1E2 /* Debug */,
				525029D124C2E12200B8F1E2 /* Release */,
			);
			defaultConfigurationIsVisible = 0;
			defaultConfigurationName = Release;
		};
/* End XCConfigurationList section */

/* Begin XCVersionGroup section */
		525029B624C2E11F00B8F1E2 /* swift_kiso.xcdatamodeld */ = {
			isa = XCVersionGroup;
			children = (
				525029B724C2E11F00B8F1E2 /* swift_kiso.xcdatamodel */,
			);
			currentVersion = 525029B724C2E11F00B8F1E2 /* swift_kiso.xcdatamodel */;
			path = swift_kiso.xcdatamodeld;
			sourceTree = "<group>";
			versionGroupType = wrapper.xcdatamodel;
		};
/* End XCVersionGroup section */
	};
	rootObject = 525029A224C2E11F00B8F1E2 /* Project object */;
}
